// !$*UTF8*$!
{
	archiveVersion = 1;
	classes = {
	};
	objectVersion = 51;
	objects = {

/* Begin PBXBuildFile section */
		259393CA1D4BB13E52B39018 /* Pods_Herbal_EncyclopediaTests.framework in Frameworks */ = {isa = PBXBuildFile; fileRef = 3C5CE997D600968778516DA7 /* Pods_Herbal_EncyclopediaTests.framework */; };
		3CF0461899B3AFF6949D9CA5 /* Pods_Herbal_Encyclopedia_Herbal_EncyclopediaUITests.framework in Frameworks */ = {isa = PBXBuildFile; fileRef = 4B5F4D64182CAE96494876A3 /* Pods_Herbal_Encyclopedia_Herbal_EncyclopediaUITests.framework */; };
		6CBC8CFA4195AA62D6CD03D7 /* Pods_Herbal_Encyclopedia.framework in Frameworks */ = {isa = PBXBuildFile; fileRef = 5F37CE94B45BB87D2D983848 /* Pods_Herbal_Encyclopedia.framework */; };
		D507B8A024816701005B6751 /* DefinitionsViewController.swift in Sources */ = {isa = PBXBuildFile; fileRef = D507B89F24816701005B6751 /* DefinitionsViewController.swift */; };
		D507B8A624816950005B6751 /* DescriptorCell.swift in Sources */ = {isa = PBXBuildFile; fileRef = D507B8A524816950005B6751 /* DescriptorCell.swift */; };
		D507B8A82481699D005B6751 /* DescriptorCell.xib in Resources */ = {isa = PBXBuildFile; fileRef = D507B8A72481699D005B6751 /* DescriptorCell.xib */; };
		D5328BC12480075600DE0B79 /* ColourHelper.swift in Sources */ = {isa = PBXBuildFile; fileRef = D5328BC02480075600DE0B79 /* ColourHelper.swift */; };
		D5328BC324801D2800DE0B79 /* PlantViewController.swift in Sources */ = {isa = PBXBuildFile; fileRef = D5328BC224801D2800DE0B79 /* PlantViewController.swift */; };
		D5328BC524801D9500DE0B79 /* TitleAndImageCell.swift in Sources */ = {isa = PBXBuildFile; fileRef = D5328BC424801D9500DE0B79 /* TitleAndImageCell.swift */; };
		D5328BC724801DB600DE0B79 /* TitleAndImageCell.xib in Resources */ = {isa = PBXBuildFile; fileRef = D5328BC624801DB600DE0B79 /* TitleAndImageCell.xib */; };
		D5328BCA24801F7600DE0B79 /* LabelAndDescriptionCell.swift in Sources */ = {isa = PBXBuildFile; fileRef = D5328BC924801F7600DE0B79 /* LabelAndDescriptionCell.swift */; };
		D5328BCC24801FBA00DE0B79 /* LabelAndDescriptionCell.xib in Resources */ = {isa = PBXBuildFile; fileRef = D5328BCB24801FBA00DE0B79 /* LabelAndDescriptionCell.xib */; };
		D53542742465CBE0000046EB /* WarningCell.swift in Sources */ = {isa = PBXBuildFile; fileRef = D53542732465CBE0000046EB /* WarningCell.swift */; };
		D53542762465CC0F000046EB /* WarningCell.xib in Resources */ = {isa = PBXBuildFile; fileRef = D53542752465CC0F000046EB /* WarningCell.xib */; };
		D53542792465CF31000046EB /* herbs.json in Resources */ = {isa = PBXBuildFile; fileRef = D53542782465CF31000046EB /* herbs.json */; };
		D535427C2465D7D8000046EB /* Plant.swift in Sources */ = {isa = PBXBuildFile; fileRef = D535427B2465D7D8000046EB /* Plant.swift */; };
		D53687C224657C6E00CD7094 /* AppDelegate.swift in Sources */ = {isa = PBXBuildFile; fileRef = D53687C124657C6E00CD7094 /* AppDelegate.swift */; };
		D53687C424657C6E00CD7094 /* SceneDelegate.swift in Sources */ = {isa = PBXBuildFile; fileRef = D53687C324657C6E00CD7094 /* SceneDelegate.swift */; };
		D53687C824657C6E00CD7094 /* SearchViewController.swift in Sources */ = {isa = PBXBuildFile; fileRef = D53687C724657C6E00CD7094 /* SearchViewController.swift */; };
		D53687CB24657C6E00CD7094 /* Main.storyboard in Resources */ = {isa = PBXBuildFile; fileRef = D53687C924657C6E00CD7094 /* Main.storyboard */; };
		D53687CD24657C6F00CD7094 /* Assets.xcassets in Resources */ = {isa = PBXBuildFile; fileRef = D53687CC24657C6F00CD7094 /* Assets.xcassets */; };
		D53687D024657C6F00CD7094 /* LaunchScreen.storyboard in Resources */ = {isa = PBXBuildFile; fileRef = D53687CE24657C6F00CD7094 /* LaunchScreen.storyboard */; };
		D53687DB24657C6F00CD7094 /* Herbal_EncyclopediaTests.swift in Sources */ = {isa = PBXBuildFile; fileRef = D53687DA24657C6F00CD7094 /* Herbal_EncyclopediaTests.swift */; };
		D53687E624657C6F00CD7094 /* Herbal_EncyclopediaUITests.swift in Sources */ = {isa = PBXBuildFile; fileRef = D53687E524657C6F00CD7094 /* Herbal_EncyclopediaUITests.swift */; };
		D537947624682A3400354021 /* PlantModelTestCase.swift in Sources */ = {isa = PBXBuildFile; fileRef = D537947524682A3400354021 /* PlantModelTestCase.swift */; };
		D5382917248A78E60012F90B /* DefinitionsViewModel.swift in Sources */ = {isa = PBXBuildFile; fileRef = D5382916248A78E60012F90B /* DefinitionsViewModel.swift */; };
		D538291B248A7C8A0012F90B /* key_constituents.json in Resources */ = {isa = PBXBuildFile; fileRef = D5382918248A7C8A0012F90B /* key_constituents.json */; };
		D538291C248A7C8A0012F90B /* body_effects.json in Resources */ = {isa = PBXBuildFile; fileRef = D5382919248A7C8A0012F90B /* body_effects.json */; };
		D538291D248A7C8A0012F90B /* volatile_oils.json in Resources */ = {isa = PBXBuildFile; fileRef = D538291A248A7C8A0012F90B /* volatile_oils.json */; };
		D538291F248A81650012F90B /* DescriptorsTests.swift in Sources */ = {isa = PBXBuildFile; fileRef = D538291E248A81650012F90B /* DescriptorsTests.swift */; };
		D544005624701D1700C6263B /* PlantInfoModel.swift in Sources */ = {isa = PBXBuildFile; fileRef = D544005524701D1700C6263B /* PlantInfoModel.swift */; };
		D544005824701D2600C6263B /* PlantGrowthInfoModel.swift in Sources */ = {isa = PBXBuildFile; fileRef = D544005724701D2600C6263B /* PlantGrowthInfoModel.swift */; };
		D544005A24701D4800C6263B /* PlantUsesModel.swift in Sources */ = {isa = PBXBuildFile; fileRef = D544005924701D4800C6263B /* PlantUsesModel.swift */; };
		D544005C24701D5700C6263B /* PlantScienceModel.swift in Sources */ = {isa = PBXBuildFile; fileRef = D544005B24701D5700C6263B /* PlantScienceModel.swift */; };
		D544005E24701D8200C6263B /* PlantBodilyEffectsModel.swift in Sources */ = {isa = PBXBuildFile; fileRef = D544005D24701D8200C6263B /* PlantBodilyEffectsModel.swift */; };
		D544006024701D9C00C6263B /* PlantPreparationsModel.swift in Sources */ = {isa = PBXBuildFile; fileRef = D544005F24701D9C00C6263B /* PlantPreparationsModel.swift */; };
		D544006324702CA500C6263B /* StringOperationsHelper.swift in Sources */ = {isa = PBXBuildFile; fileRef = D544006224702CA500C6263B /* StringOperationsHelper.swift */; };
		D544006524702F0800C6263B /* UIViewExtensions.swift in Sources */ = {isa = PBXBuildFile; fileRef = D544006424702F0800C6263B /* UIViewExtensions.swift */; };
		D54DF92224B4B79000A993DB /* SearchViewModel.swift in Sources */ = {isa = PBXBuildFile; fileRef = D54DF92124B4B79000A993DB /* SearchViewModel.swift */; };
		D552FE03249BC8140085784E /* preparation_methods.json in Resources */ = {isa = PBXBuildFile; fileRef = D552FE02249BC8140085784E /* preparation_methods.json */; };
		D572A66C24B61BB200A43F30 /* RecipesViewController.swift in Sources */ = {isa = PBXBuildFile; fileRef = D572A66B24B61BB200A43F30 /* RecipesViewController.swift */; };
		D572A66E24B61BD300A43F30 /* RecipesViewModel.swift in Sources */ = {isa = PBXBuildFile; fileRef = D572A66D24B61BD300A43F30 /* RecipesViewModel.swift */; };
		D572A67224B61EE600A43F30 /* RecipeModel.swift in Sources */ = {isa = PBXBuildFile; fileRef = D572A67124B61EE600A43F30 /* RecipeModel.swift */; };
		D572A67624B61F6B00A43F30 /* recipes.json in Resources */ = {isa = PBXBuildFile; fileRef = D572A67524B61F6B00A43F30 /* recipes.json */; };
		D572A67824B6201A00A43F30 /* RecipesCategoriesContainerModel.swift in Sources */ = {isa = PBXBuildFile; fileRef = D572A67724B6201A00A43F30 /* RecipesCategoriesContainerModel.swift */; };
		D572A67A24B6258100A43F30 /* RecipeCategoryModel.swift in Sources */ = {isa = PBXBuildFile; fileRef = D572A67924B6258100A43F30 /* RecipeCategoryModel.swift */; };
		D57F0F462465861B004A1C30 /* CustomImageView.swift in Sources */ = {isa = PBXBuildFile; fileRef = D57F0F452465861B004A1C30 /* CustomImageView.swift */; };
		D57F0F4824658DD9004A1C30 /* CustomLabelView.swift in Sources */ = {isa = PBXBuildFile; fileRef = D57F0F4724658DD9004A1C30 /* CustomLabelView.swift */; };
		D58C25D1248EACB400CBCE67 /* ImageAndTitleTableViewCell.swift in Sources */ = {isa = PBXBuildFile; fileRef = D58C25D0248EACB400CBCE67 /* ImageAndTitleTableViewCell.swift */; };
		D58C25D3248EACE800CBCE67 /* ImageAndTitleTableViewCell.xib in Resources */ = {isa = PBXBuildFile; fileRef = D58C25D2248EACE800CBCE67 /* ImageAndTitleTableViewCell.xib */; };
		D5A1555825F7BB7800E4CCDA /* Request.swift in Sources */ = {isa = PBXBuildFile; fileRef = D5A1555725F7BB7800E4CCDA /* Request.swift */; };
		D5A1556025F7BE6D00E4CCDA /* PlantRequest.swift in Sources */ = {isa = PBXBuildFile; fileRef = D5A1555F25F7BE6D00E4CCDA /* PlantRequest.swift */; };
		D5A1556525F7BFD000E4CCDA /* PlantNetworkRequestTests.swift in Sources */ = {isa = PBXBuildFile; fileRef = D5A1556425F7BFD000E4CCDA /* PlantNetworkRequestTests.swift */; };
		D5C8600725F6863100920DAC /* ModelParser.swift in Sources */ = {isa = PBXBuildFile; fileRef = D5C8600625F6863100920DAC /* ModelParser.swift */; };
		D5C8600D25F68E5200920DAC /* AppContainer.swift in Sources */ = {isa = PBXBuildFile; fileRef = D5C8600C25F68E5200920DAC /* AppContainer.swift */; };
		D5C8601625F690F200920DAC /* PlantViewModel.swift in Sources */ = {isa = PBXBuildFile; fileRef = D5C8601525F690F200920DAC /* PlantViewModel.swift */; };
		D5C8601B25F692B500920DAC /* CoreDataSpotlightPlant.swift in Sources */ = {isa = PBXBuildFile; fileRef = D5C8601A25F692B500920DAC /* CoreDataSpotlightPlant.swift */; };
		D5C8602925F6A56400920DAC /* DateHelper.swift in Sources */ = {isa = PBXBuildFile; fileRef = D5C8602825F6A56400920DAC /* DateHelper.swift */; };
		D5C8605225F6D60C00920DAC /* TitleAndDefinitionModel.swift in Sources */ = {isa = PBXBuildFile; fileRef = D5C8605125F6D60C00920DAC /* TitleAndDefinitionModel.swift */; };
		D5C8605825F6E5D600920DAC /* LookupDictionaryFilenameEnums.swift in Sources */ = {isa = PBXBuildFile; fileRef = D5C8605725F6E5D600920DAC /* LookupDictionaryFilenameEnums.swift */; };
		D5C8606025F6EACC00920DAC /* DictionaryContainer.swift in Sources */ = {isa = PBXBuildFile; fileRef = D5C8605F25F6EACC00920DAC /* DictionaryContainer.swift */; };
		D5C8606525F6F79300920DAC /* PlantSpotlightItem.swift in Sources */ = {isa = PBXBuildFile; fileRef = D5C8606425F6F79300920DAC /* PlantSpotlightItem.swift */; };
		D5CC051825F9105200ED1921 /* DictionaryRequest.swift in Sources */ = {isa = PBXBuildFile; fileRef = D5CC051725F9105200ED1921 /* DictionaryRequest.swift */; };
		D5CC052025F92D3600ED1921 /* RecipesRequest.swift in Sources */ = {isa = PBXBuildFile; fileRef = D5CC051F25F92D3600ED1921 /* RecipesRequest.swift */; };
		D5CC052D25F92F1300ED1921 /* RecipesNetworkAndModelTests.swift in Sources */ = {isa = PBXBuildFile; fileRef = D5CC052C25F92F1300ED1921 /* RecipesNetworkAndModelTests.swift */; };
		D5E45FBC2493D0FC0070E9B1 /* plant_species.json in Resources */ = {isa = PBXBuildFile; fileRef = D5E45FBB2493D0FC0070E9B1 /* plant_species.json */; };
/* End PBXBuildFile section */

/* Begin PBXContainerItemProxy section */
		D53687D724657C6F00CD7094 /* PBXContainerItemProxy */ = {
			isa = PBXContainerItemProxy;
			containerPortal = D53687B624657C6E00CD7094 /* Project object */;
			proxyType = 1;
			remoteGlobalIDString = D53687BD24657C6E00CD7094;
			remoteInfo = "Herbal Encyclopedia";
		};
		D53687E224657C6F00CD7094 /* PBXContainerItemProxy */ = {
			isa = PBXContainerItemProxy;
			containerPortal = D53687B624657C6E00CD7094 /* Project object */;
			proxyType = 1;
			remoteGlobalIDString = D53687BD24657C6E00CD7094;
			remoteInfo = "Herbal Encyclopedia";
		};
/* End PBXContainerItemProxy section */

/* Begin PBXFileReference section */
		0BB8575BA1DB04A6D6D672C6 /* Pods-Herbal Encyclopedia.release.xcconfig */ = {isa = PBXFileReference; includeInIndex = 1; lastKnownFileType = text.xcconfig; name = "Pods-Herbal Encyclopedia.release.xcconfig"; path = "Target Support Files/Pods-Herbal Encyclopedia/Pods-Herbal Encyclopedia.release.xcconfig"; sourceTree = "<group>"; };
		3C5CE997D600968778516DA7 /* Pods_Herbal_EncyclopediaTests.framework */ = {isa = PBXFileReference; explicitFileType = wrapper.framework; includeInIndex = 0; path = Pods_Herbal_EncyclopediaTests.framework; sourceTree = BUILT_PRODUCTS_DIR; };
		4B5F4D64182CAE96494876A3 /* Pods_Herbal_Encyclopedia_Herbal_EncyclopediaUITests.framework */ = {isa = PBXFileReference; explicitFileType = wrapper.framework; includeInIndex = 0; path = Pods_Herbal_Encyclopedia_Herbal_EncyclopediaUITests.framework; sourceTree = BUILT_PRODUCTS_DIR; };
		5B1D453A6D066EC5ABF501AC /* Pods-Herbal Encyclopedia-Herbal EncyclopediaUITests.debug.xcconfig */ = {isa = PBXFileReference; includeInIndex = 1; lastKnownFileType = text.xcconfig; name = "Pods-Herbal Encyclopedia-Herbal EncyclopediaUITests.debug.xcconfig"; path = "Target Support Files/Pods-Herbal Encyclopedia-Herbal EncyclopediaUITests/Pods-Herbal Encyclopedia-Herbal EncyclopediaUITests.debug.xcconfig"; sourceTree = "<group>"; };
		5F37CE94B45BB87D2D983848 /* Pods_Herbal_Encyclopedia.framework */ = {isa = PBXFileReference; explicitFileType = wrapper.framework; includeInIndex = 0; path = Pods_Herbal_Encyclopedia.framework; sourceTree = BUILT_PRODUCTS_DIR; };
		6C3E65D4793E5737A3EF5A8B /* Pods-Herbal EncyclopediaTests.debug.xcconfig */ = {isa = PBXFileReference; includeInIndex = 1; lastKnownFileType = text.xcconfig; name = "Pods-Herbal EncyclopediaTests.debug.xcconfig"; path = "Target Support Files/Pods-Herbal EncyclopediaTests/Pods-Herbal EncyclopediaTests.debug.xcconfig"; sourceTree = "<group>"; };
		756A5962A02963E6FCD6A40D /* Pods-Herbal EncyclopediaTests.release.xcconfig */ = {isa = PBXFileReference; includeInIndex = 1; lastKnownFileType = text.xcconfig; name = "Pods-Herbal EncyclopediaTests.release.xcconfig"; path = "Target Support Files/Pods-Herbal EncyclopediaTests/Pods-Herbal EncyclopediaTests.release.xcconfig"; sourceTree = "<group>"; };
		99D8E7B111AEC7343C2C0527 /* Pods-Herbal Encyclopedia-Herbal EncyclopediaUITests.release.xcconfig */ = {isa = PBXFileReference; includeInIndex = 1; lastKnownFileType = text.xcconfig; name = "Pods-Herbal Encyclopedia-Herbal EncyclopediaUITests.release.xcconfig"; path = "Target Support Files/Pods-Herbal Encyclopedia-Herbal EncyclopediaUITests/Pods-Herbal Encyclopedia-Herbal EncyclopediaUITests.release.xcconfig"; sourceTree = "<group>"; };
		D507B89F24816701005B6751 /* DefinitionsViewController.swift */ = {isa = PBXFileReference; lastKnownFileType = sourcecode.swift; path = DefinitionsViewController.swift; sourceTree = "<group>"; };
		D507B8A524816950005B6751 /* DescriptorCell.swift */ = {isa = PBXFileReference; lastKnownFileType = sourcecode.swift; path = DescriptorCell.swift; sourceTree = "<group>"; };
		D507B8A72481699D005B6751 /* DescriptorCell.xib */ = {isa = PBXFileReference; lastKnownFileType = file.xib; path = DescriptorCell.xib; sourceTree = "<group>"; };
		D5328BC02480075600DE0B79 /* ColourHelper.swift */ = {isa = PBXFileReference; lastKnownFileType = sourcecode.swift; path = ColourHelper.swift; sourceTree = "<group>"; };
		D5328BC224801D2800DE0B79 /* PlantViewController.swift */ = {isa = PBXFileReference; lastKnownFileType = sourcecode.swift; path = PlantViewController.swift; sourceTree = "<group>"; };
		D5328BC424801D9500DE0B79 /* TitleAndImageCell.swift */ = {isa = PBXFileReference; lastKnownFileType = sourcecode.swift; path = TitleAndImageCell.swift; sourceTree = "<group>"; };
		D5328BC624801DB600DE0B79 /* TitleAndImageCell.xib */ = {isa = PBXFileReference; lastKnownFileType = file.xib; path = TitleAndImageCell.xib; sourceTree = "<group>"; };
		D5328BC924801F7600DE0B79 /* LabelAndDescriptionCell.swift */ = {isa = PBXFileReference; lastKnownFileType = sourcecode.swift; path = LabelAndDescriptionCell.swift; sourceTree = "<group>"; };
		D5328BCB24801FBA00DE0B79 /* LabelAndDescriptionCell.xib */ = {isa = PBXFileReference; lastKnownFileType = file.xib; path = LabelAndDescriptionCell.xib; sourceTree = "<group>"; };
		D53542732465CBE0000046EB /* WarningCell.swift */ = {isa = PBXFileReference; lastKnownFileType = sourcecode.swift; path = WarningCell.swift; sourceTree = "<group>"; };
		D53542752465CC0F000046EB /* WarningCell.xib */ = {isa = PBXFileReference; lastKnownFileType = file.xib; path = WarningCell.xib; sourceTree = "<group>"; };
		D53542782465CF31000046EB /* herbs.json */ = {isa = PBXFileReference; fileEncoding = 4; lastKnownFileType = text.json; path = herbs.json; sourceTree = "<group>"; };
		D535427B2465D7D8000046EB /* Plant.swift */ = {isa = PBXFileReference; lastKnownFileType = sourcecode.swift; path = Plant.swift; sourceTree = "<group>"; };
		D53687BE24657C6E00CD7094 /* Herbal Encyclopedia.app */ = {isa = PBXFileReference; explicitFileType = wrapper.application; includeInIndex = 0; path = "Herbal Encyclopedia.app"; sourceTree = BUILT_PRODUCTS_DIR; };
		D53687C124657C6E00CD7094 /* AppDelegate.swift */ = {isa = PBXFileReference; lastKnownFileType = sourcecode.swift; path = AppDelegate.swift; sourceTree = "<group>"; };
		D53687C324657C6E00CD7094 /* SceneDelegate.swift */ = {isa = PBXFileReference; lastKnownFileType = sourcecode.swift; path = SceneDelegate.swift; sourceTree = "<group>"; };
		D53687C724657C6E00CD7094 /* SearchViewController.swift */ = {isa = PBXFileReference; lastKnownFileType = sourcecode.swift; path = SearchViewController.swift; sourceTree = "<group>"; };
		D53687CA24657C6E00CD7094 /* Base */ = {isa = PBXFileReference; lastKnownFileType = file.storyboard; name = Base; path = Base.lproj/Main.storyboard; sourceTree = "<group>"; };
		D53687CC24657C6F00CD7094 /* Assets.xcassets */ = {isa = PBXFileReference; lastKnownFileType = folder.assetcatalog; path = Assets.xcassets; sourceTree = "<group>"; };
		D53687CF24657C6F00CD7094 /* Base */ = {isa = PBXFileReference; lastKnownFileType = file.storyboard; name = Base; path = Base.lproj/LaunchScreen.storyboard; sourceTree = "<group>"; };
		D53687D124657C6F00CD7094 /* Info.plist */ = {isa = PBXFileReference; lastKnownFileType = text.plist.xml; path = Info.plist; sourceTree = "<group>"; };
		D53687D624657C6F00CD7094 /* Herbal EncyclopediaTests.xctest */ = {isa = PBXFileReference; explicitFileType = wrapper.cfbundle; includeInIndex = 0; path = "Herbal EncyclopediaTests.xctest"; sourceTree = BUILT_PRODUCTS_DIR; };
		D53687DA24657C6F00CD7094 /* Herbal_EncyclopediaTests.swift */ = {isa = PBXFileReference; lastKnownFileType = sourcecode.swift; path = Herbal_EncyclopediaTests.swift; sourceTree = "<group>"; };
		D53687DC24657C6F00CD7094 /* Info.plist */ = {isa = PBXFileReference; lastKnownFileType = text.plist.xml; path = Info.plist; sourceTree = "<group>"; };
		D53687E124657C6F00CD7094 /* Herbal EncyclopediaUITests.xctest */ = {isa = PBXFileReference; explicitFileType = wrapper.cfbundle; includeInIndex = 0; path = "Herbal EncyclopediaUITests.xctest"; sourceTree = BUILT_PRODUCTS_DIR; };
		D53687E524657C6F00CD7094 /* Herbal_EncyclopediaUITests.swift */ = {isa = PBXFileReference; lastKnownFileType = sourcecode.swift; path = Herbal_EncyclopediaUITests.swift; sourceTree = "<group>"; };
		D53687E724657C6F00CD7094 /* Info.plist */ = {isa = PBXFileReference; lastKnownFileType = text.plist.xml; path = Info.plist; sourceTree = "<group>"; };
		D537947524682A3400354021 /* PlantModelTestCase.swift */ = {isa = PBXFileReference; lastKnownFileType = sourcecode.swift; path = PlantModelTestCase.swift; sourceTree = "<group>"; };
		D5382916248A78E60012F90B /* DefinitionsViewModel.swift */ = {isa = PBXFileReference; lastKnownFileType = sourcecode.swift; path = DefinitionsViewModel.swift; sourceTree = "<group>"; };
		D5382918248A7C8A0012F90B /* key_constituents.json */ = {isa = PBXFileReference; fileEncoding = 4; lastKnownFileType = text.json; path = key_constituents.json; sourceTree = "<group>"; };
		D5382919248A7C8A0012F90B /* body_effects.json */ = {isa = PBXFileReference; fileEncoding = 4; lastKnownFileType = text.json; path = body_effects.json; sourceTree = "<group>"; };
		D538291A248A7C8A0012F90B /* volatile_oils.json */ = {isa = PBXFileReference; fileEncoding = 4; lastKnownFileType = text.json; path = volatile_oils.json; sourceTree = "<group>"; };
		D538291E248A81650012F90B /* DescriptorsTests.swift */ = {isa = PBXFileReference; lastKnownFileType = sourcecode.swift; path = DescriptorsTests.swift; sourceTree = "<group>"; };
		D544005524701D1700C6263B /* PlantInfoModel.swift */ = {isa = PBXFileReference; lastKnownFileType = sourcecode.swift; path = PlantInfoModel.swift; sourceTree = "<group>"; };
		D544005724701D2600C6263B /* PlantGrowthInfoModel.swift */ = {isa = PBXFileReference; lastKnownFileType = sourcecode.swift; path = PlantGrowthInfoModel.swift; sourceTree = "<group>"; };
		D544005924701D4800C6263B /* PlantUsesModel.swift */ = {isa = PBXFileReference; lastKnownFileType = sourcecode.swift; path = PlantUsesModel.swift; sourceTree = "<group>"; };
		D544005B24701D5700C6263B /* PlantScienceModel.swift */ = {isa = PBXFileReference; lastKnownFileType = sourcecode.swift; path = PlantScienceModel.swift; sourceTree = "<group>"; };
		D544005D24701D8200C6263B /* PlantBodilyEffectsModel.swift */ = {isa = PBXFileReference; lastKnownFileType = sourcecode.swift; path = PlantBodilyEffectsModel.swift; sourceTree = "<group>"; };
		D544005F24701D9C00C6263B /* PlantPreparationsModel.swift */ = {isa = PBXFileReference; lastKnownFileType = sourcecode.swift; path = PlantPreparationsModel.swift; sourceTree = "<group>"; };
		D544006224702CA500C6263B /* StringOperationsHelper.swift */ = {isa = PBXFileReference; lastKnownFileType = sourcecode.swift; path = StringOperationsHelper.swift; sourceTree = "<group>"; };
		D544006424702F0800C6263B /* UIViewExtensions.swift */ = {isa = PBXFileReference; lastKnownFileType = sourcecode.swift; path = UIViewExtensions.swift; sourceTree = "<group>"; };
		D54DF92124B4B79000A993DB /* SearchViewModel.swift */ = {isa = PBXFileReference; lastKnownFileType = sourcecode.swift; path = SearchViewModel.swift; sourceTree = "<group>"; };
		D552FE02249BC8140085784E /* preparation_methods.json */ = {isa = PBXFileReference; fileEncoding = 4; lastKnownFileType = text.json; path = preparation_methods.json; sourceTree = "<group>"; };
		D572A66B24B61BB200A43F30 /* RecipesViewController.swift */ = {isa = PBXFileReference; lastKnownFileType = sourcecode.swift; path = RecipesViewController.swift; sourceTree = "<group>"; };
		D572A66D24B61BD300A43F30 /* RecipesViewModel.swift */ = {isa = PBXFileReference; lastKnownFileType = sourcecode.swift; path = RecipesViewModel.swift; sourceTree = "<group>"; };
		D572A67124B61EE600A43F30 /* RecipeModel.swift */ = {isa = PBXFileReference; lastKnownFileType = sourcecode.swift; path = RecipeModel.swift; sourceTree = "<group>"; };
		D572A67524B61F6B00A43F30 /* recipes.json */ = {isa = PBXFileReference; lastKnownFileType = text.json; path = recipes.json; sourceTree = "<group>"; };
		D572A67724B6201A00A43F30 /* RecipesCategoriesContainerModel.swift */ = {isa = PBXFileReference; lastKnownFileType = sourcecode.swift; path = RecipesCategoriesContainerModel.swift; sourceTree = "<group>"; };
		D572A67924B6258100A43F30 /* RecipeCategoryModel.swift */ = {isa = PBXFileReference; lastKnownFileType = sourcecode.swift; path = RecipeCategoryModel.swift; sourceTree = "<group>"; };
		D57F0F452465861B004A1C30 /* CustomImageView.swift */ = {isa = PBXFileReference; lastKnownFileType = sourcecode.swift; path = CustomImageView.swift; sourceTree = "<group>"; };
		D57F0F4724658DD9004A1C30 /* CustomLabelView.swift */ = {isa = PBXFileReference; lastKnownFileType = sourcecode.swift; path = CustomLabelView.swift; sourceTree = "<group>"; };
		D58C25D0248EACB400CBCE67 /* ImageAndTitleTableViewCell.swift */ = {isa = PBXFileReference; lastKnownFileType = sourcecode.swift; path = ImageAndTitleTableViewCell.swift; sourceTree = "<group>"; };
		D58C25D2248EACE800CBCE67 /* ImageAndTitleTableViewCell.xib */ = {isa = PBXFileReference; lastKnownFileType = file.xib; path = ImageAndTitleTableViewCell.xib; sourceTree = "<group>"; };
		D5A1555725F7BB7800E4CCDA /* Request.swift */ = {isa = PBXFileReference; lastKnownFileType = sourcecode.swift; path = Request.swift; sourceTree = "<group>"; };
		D5A1555F25F7BE6D00E4CCDA /* PlantRequest.swift */ = {isa = PBXFileReference; lastKnownFileType = sourcecode.swift; path = PlantRequest.swift; sourceTree = "<group>"; };
		D5A1556425F7BFD000E4CCDA /* PlantNetworkRequestTests.swift */ = {isa = PBXFileReference; lastKnownFileType = sourcecode.swift; path = PlantNetworkRequestTests.swift; sourceTree = "<group>"; };
		D5C8600625F6863100920DAC /* ModelParser.swift */ = {isa = PBXFileReference; lastKnownFileType = sourcecode.swift; path = ModelParser.swift; sourceTree = "<group>"; };
		D5C8600C25F68E5200920DAC /* AppContainer.swift */ = {isa = PBXFileReference; lastKnownFileType = sourcecode.swift; path = AppContainer.swift; sourceTree = "<group>"; };
		D5C8601525F690F200920DAC /* PlantViewModel.swift */ = {isa = PBXFileReference; lastKnownFileType = sourcecode.swift; path = PlantViewModel.swift; sourceTree = "<group>"; };
		D5C8601A25F692B500920DAC /* CoreDataSpotlightPlant.swift */ = {isa = PBXFileReference; lastKnownFileType = sourcecode.swift; path = CoreDataSpotlightPlant.swift; sourceTree = "<group>"; };
		D5C8602825F6A56400920DAC /* DateHelper.swift */ = {isa = PBXFileReference; lastKnownFileType = sourcecode.swift; path = DateHelper.swift; sourceTree = "<group>"; };
		D5C8605125F6D60C00920DAC /* TitleAndDefinitionModel.swift */ = {isa = PBXFileReference; lastKnownFileType = sourcecode.swift; path = TitleAndDefinitionModel.swift; sourceTree = "<group>"; };
		D5C8605725F6E5D600920DAC /* LookupDictionaryFilenameEnums.swift */ = {isa = PBXFileReference; lastKnownFileType = sourcecode.swift; path = LookupDictionaryFilenameEnums.swift; sourceTree = "<group>"; };
		D5C8605F25F6EACC00920DAC /* DictionaryContainer.swift */ = {isa = PBXFileReference; lastKnownFileType = sourcecode.swift; path = DictionaryContainer.swift; sourceTree = "<group>"; };
		D5C8606425F6F79300920DAC /* PlantSpotlightItem.swift */ = {isa = PBXFileReference; lastKnownFileType = sourcecode.swift; path = PlantSpotlightItem.swift; sourceTree = "<group>"; };
		D5CC051725F9105200ED1921 /* DictionaryRequest.swift */ = {isa = PBXFileReference; lastKnownFileType = sourcecode.swift; path = DictionaryRequest.swift; sourceTree = "<group>"; };
		D5CC051F25F92D3600ED1921 /* RecipesRequest.swift */ = {isa = PBXFileReference; lastKnownFileType = sourcecode.swift; path = RecipesRequest.swift; sourceTree = "<group>"; };
		D5CC052C25F92F1300ED1921 /* RecipesNetworkAndModelTests.swift */ = {isa = PBXFileReference; lastKnownFileType = sourcecode.swift; path = RecipesNetworkAndModelTests.swift; sourceTree = "<group>"; };
		D5E45FBB2493D0FC0070E9B1 /* plant_species.json */ = {isa = PBXFileReference; fileEncoding = 4; lastKnownFileType = text.json; path = plant_species.json; sourceTree = "<group>"; };
		F87C5385821B4F2CD18E8F2E /* Pods-Herbal Encyclopedia.debug.xcconfig */ = {isa = PBXFileReference; includeInIndex = 1; lastKnownFileType = text.xcconfig; name = "Pods-Herbal Encyclopedia.debug.xcconfig"; path = "Target Support Files/Pods-Herbal Encyclopedia/Pods-Herbal Encyclopedia.debug.xcconfig"; sourceTree = "<group>"; };
/* End PBXFileReference section */

/* Begin PBXFrameworksBuildPhase section */
		D53687BB24657C6E00CD7094 /* Frameworks */ = {
			isa = PBXFrameworksBuildPhase;
			buildActionMask = 2147483647;
			files = (
				6CBC8CFA4195AA62D6CD03D7 /* Pods_Herbal_Encyclopedia.framework in Frameworks */,
			);
			runOnlyForDeploymentPostprocessing = 0;
		};
		D53687D324657C6F00CD7094 /* Frameworks */ = {
			isa = PBXFrameworksBuildPhase;
			buildActionMask = 2147483647;
			files = (
				259393CA1D4BB13E52B39018 /* Pods_Herbal_EncyclopediaTests.framework in Frameworks */,
			);
			runOnlyForDeploymentPostprocessing = 0;
		};
		D53687DE24657C6F00CD7094 /* Frameworks */ = {
			isa = PBXFrameworksBuildPhase;
			buildActionMask = 2147483647;
			files = (
				3CF0461899B3AFF6949D9CA5 /* Pods_Herbal_Encyclopedia_Herbal_EncyclopediaUITests.framework in Frameworks */,
			);
			runOnlyForDeploymentPostprocessing = 0;
		};
/* End PBXFrameworksBuildPhase section */

/* Begin PBXGroup section */
		C5DF963B2CF8A743A12F7EB1 /* Pods */ = {
			isa = PBXGroup;
			children = (
				F87C5385821B4F2CD18E8F2E /* Pods-Herbal Encyclopedia.debug.xcconfig */,
				0BB8575BA1DB04A6D6D672C6 /* Pods-Herbal Encyclopedia.release.xcconfig */,
				5B1D453A6D066EC5ABF501AC /* Pods-Herbal Encyclopedia-Herbal EncyclopediaUITests.debug.xcconfig */,
				99D8E7B111AEC7343C2C0527 /* Pods-Herbal Encyclopedia-Herbal EncyclopediaUITests.release.xcconfig */,
				6C3E65D4793E5737A3EF5A8B /* Pods-Herbal EncyclopediaTests.debug.xcconfig */,
				756A5962A02963E6FCD6A40D /* Pods-Herbal EncyclopediaTests.release.xcconfig */,
			);
			path = Pods;
			sourceTree = "<group>";
		};
		C8635A59A3CDA4A8771EA575 /* Frameworks */ = {
			isa = PBXGroup;
			children = (
				5F37CE94B45BB87D2D983848 /* Pods_Herbal_Encyclopedia.framework */,
				4B5F4D64182CAE96494876A3 /* Pods_Herbal_Encyclopedia_Herbal_EncyclopediaUITests.framework */,
				3C5CE997D600968778516DA7 /* Pods_Herbal_EncyclopediaTests.framework */,
			);
			name = Frameworks;
			sourceTree = "<group>";
		};
		D507B89E248166D7005B6751 /* Descriptors */ = {
			isa = PBXGroup;
			children = (
				D5382916248A78E60012F90B /* DefinitionsViewModel.swift */,
				D507B89F24816701005B6751 /* DefinitionsViewController.swift */,
			);
			path = Descriptors;
			sourceTree = "<group>";
		};
		D5328BBF2480073100DE0B79 /* Helpers */ = {
			isa = PBXGroup;
			children = (
				D544006224702CA500C6263B /* StringOperationsHelper.swift */,
				D5328BC02480075600DE0B79 /* ColourHelper.swift */,
				D5C8600625F6863100920DAC /* ModelParser.swift */,
				D5C8602825F6A56400920DAC /* DateHelper.swift */,
			);
			path = Helpers;
			sourceTree = "<group>";
		};
		D53542712465CBBB000046EB /* Custom Cells */ = {
			isa = PBXGroup;
			children = (
				D53542722465CBC5000046EB /* TableView Cells */,
			);
			path = "Custom Cells";
			sourceTree = "<group>";
		};
		D53542722465CBC5000046EB /* TableView Cells */ = {
			isa = PBXGroup;
			children = (
				D53542732465CBE0000046EB /* WarningCell.swift */,
				D53542752465CC0F000046EB /* WarningCell.xib */,
				D5328BC424801D9500DE0B79 /* TitleAndImageCell.swift */,
				D5328BC624801DB600DE0B79 /* TitleAndImageCell.xib */,
				D5328BC924801F7600DE0B79 /* LabelAndDescriptionCell.swift */,
				D5328BCB24801FBA00DE0B79 /* LabelAndDescriptionCell.xib */,
				D507B8A524816950005B6751 /* DescriptorCell.swift */,
				D507B8A72481699D005B6751 /* DescriptorCell.xib */,
				D58C25D0248EACB400CBCE67 /* ImageAndTitleTableViewCell.swift */,
				D58C25D2248EACE800CBCE67 /* ImageAndTitleTableViewCell.xib */,
			);
			path = "TableView Cells";
			sourceTree = "<group>";
		};
		D53542772465CEA5000046EB /* JSON Stubs */ = {
			isa = PBXGroup;
			children = (
				D572A67324B61F4C00A43F30 /* Plant */,
				D572A67424B61F5600A43F30 /* Recipes */,
			);
			path = "JSON Stubs";
			sourceTree = "<group>";
		};
		D535427A2465D7B5000046EB /* Data Models */ = {
			isa = PBXGroup;
			children = (
				D5C8601F25F6937C00920DAC /* CoreDataSaveModels */,
				D5C8605025F6D5FD00920DAC /* Definitions */,
				D572A66F24B61EB300A43F30 /* Plant */,
				D572A67024B61EC100A43F30 /* Recipes */,
				D5C8605F25F6EACC00920DAC /* DictionaryContainer.swift */,
			);
			path = "Data Models";
			sourceTree = "<group>";
		};
		D53687B524657C6E00CD7094 = {
			isa = PBXGroup;
			children = (
				D53687C024657C6E00CD7094 /* Herbal Encyclopedia */,
				D53687D924657C6F00CD7094 /* Herbal EncyclopediaTests */,
				D53687E424657C6F00CD7094 /* Herbal EncyclopediaUITests */,
				D53687BF24657C6E00CD7094 /* Products */,
				C5DF963B2CF8A743A12F7EB1 /* Pods */,
				C8635A59A3CDA4A8771EA575 /* Frameworks */,
			);
			sourceTree = "<group>";
		};
		D53687BF24657C6E00CD7094 /* Products */ = {
			isa = PBXGroup;
			children = (
				D53687BE24657C6E00CD7094 /* Herbal Encyclopedia.app */,
				D53687D624657C6F00CD7094 /* Herbal EncyclopediaTests.xctest */,
				D53687E124657C6F00CD7094 /* Herbal EncyclopediaUITests.xctest */,
			);
			name = Products;
			sourceTree = "<group>";
		};
		D53687C024657C6E00CD7094 /* Herbal Encyclopedia */ = {
			isa = PBXGroup;
			children = (
				D5C8600B25F68E3700920DAC /* Container & Factories */,
				D535427A2465D7B5000046EB /* Data Models */,
				D5C8605625F6E5BC00920DAC /* Enums */,
				D53687F52465801100CD7094 /* Storyboards */,
				D5380CEA24685C150095665A /* View Controllers & View Models */,
				D53687C124657C6E00CD7094 /* AppDelegate.swift */,
				D53687C324657C6E00CD7094 /* SceneDelegate.swift */,
				D53687CC24657C6F00CD7094 /* Assets.xcassets */,
				D53687CE24657C6F00CD7094 /* LaunchScreen.storyboard */,
				D53687D124657C6F00CD7094 /* Info.plist */,
				D57F0F4424658608004A1C30 /* Custom Views */,
				D544006124702C7C00C6263B /* UI Extensions */,
				D5A1555625F7BB4C00E4CCDA /* Networking */,
				D53542772465CEA5000046EB /* JSON Stubs */,
				D5328BBF2480073100DE0B79 /* Helpers */,
			);
			path = "Herbal Encyclopedia";
			sourceTree = "<group>";
		};
		D53687D924657C6F00CD7094 /* Herbal EncyclopediaTests */ = {
			isa = PBXGroup;
			children = (
				D53687DA24657C6F00CD7094 /* Herbal_EncyclopediaTests.swift */,
				D537947524682A3400354021 /* PlantModelTestCase.swift */,
				D5A1556425F7BFD000E4CCDA /* PlantNetworkRequestTests.swift */,
				D5CC052C25F92F1300ED1921 /* RecipesNetworkAndModelTests.swift */,
				D538291E248A81650012F90B /* DescriptorsTests.swift */,
				D53687DC24657C6F00CD7094 /* Info.plist */,
			);
			path = "Herbal EncyclopediaTests";
			sourceTree = "<group>";
		};
		D53687E424657C6F00CD7094 /* Herbal EncyclopediaUITests */ = {
			isa = PBXGroup;
			children = (
				D53687E524657C6F00CD7094 /* Herbal_EncyclopediaUITests.swift */,
				D53687E724657C6F00CD7094 /* Info.plist */,
			);
			path = "Herbal EncyclopediaUITests";
			sourceTree = "<group>";
		};
		D53687F424657F7D00CD7094 /* Search */ = {
			isa = PBXGroup;
			children = (
				D53687C724657C6E00CD7094 /* SearchViewController.swift */,
				D54DF92124B4B79000A993DB /* SearchViewModel.swift */,
			);
			path = Search;
			sourceTree = "<group>";
		};
		D53687F52465801100CD7094 /* Storyboards */ = {
			isa = PBXGroup;
			children = (
				D53687C924657C6E00CD7094 /* Main.storyboard */,
			);
			path = Storyboards;
			sourceTree = "<group>";
		};
		D5380CEA24685C150095665A /* View Controllers & View Models */ = {
			isa = PBXGroup;
			children = (
				D5C8601425F690DD00920DAC /* Plant */,
				D507B89E248166D7005B6751 /* Descriptors */,
				D53687F424657F7D00CD7094 /* Search */,
				D572A66A24B61B8B00A43F30 /* Recipes */,
			);
			path = "View Controllers & View Models";
			sourceTree = "<group>";
		};
		D544006124702C7C00C6263B /* UI Extensions */ = {
			isa = PBXGroup;
			children = (
				D544006424702F0800C6263B /* UIViewExtensions.swift */,
			);
			path = "UI Extensions";
			sourceTree = "<group>";
		};
		D572A66A24B61B8B00A43F30 /* Recipes */ = {
			isa = PBXGroup;
			children = (
				D572A66B24B61BB200A43F30 /* RecipesViewController.swift */,
				D572A66D24B61BD300A43F30 /* RecipesViewModel.swift */,
			);
			path = Recipes;
			sourceTree = "<group>";
		};
		D572A66F24B61EB300A43F30 /* Plant */ = {
			isa = PBXGroup;
			children = (
				D535427B2465D7D8000046EB /* Plant.swift */,
				D544005524701D1700C6263B /* PlantInfoModel.swift */,
				D544005724701D2600C6263B /* PlantGrowthInfoModel.swift */,
				D544005924701D4800C6263B /* PlantUsesModel.swift */,
				D544005B24701D5700C6263B /* PlantScienceModel.swift */,
				D544005D24701D8200C6263B /* PlantBodilyEffectsModel.swift */,
				D544005F24701D9C00C6263B /* PlantPreparationsModel.swift */,
				D5C8606425F6F79300920DAC /* PlantSpotlightItem.swift */,
			);
			path = Plant;
			sourceTree = "<group>";
		};
		D572A67024B61EC100A43F30 /* Recipes */ = {
			isa = PBXGroup;
			children = (
				D572A67724B6201A00A43F30 /* RecipesCategoriesContainerModel.swift */,
				D572A67924B6258100A43F30 /* RecipeCategoryModel.swift */,
				D572A67124B61EE600A43F30 /* RecipeModel.swift */,
			);
			path = Recipes;
			sourceTree = "<group>";
		};
		D572A67324B61F4C00A43F30 /* Plant */ = {
			isa = PBXGroup;
			children = (
				D552FE02249BC8140085784E /* preparation_methods.json */,
				D5E45FBB2493D0FC0070E9B1 /* plant_species.json */,
				D53542782465CF31000046EB /* herbs.json */,
				D5382919248A7C8A0012F90B /* body_effects.json */,
				D5382918248A7C8A0012F90B /* key_constituents.json */,
				D538291A248A7C8A0012F90B /* volatile_oils.json */,
			);
			path = Plant;
			sourceTree = "<group>";
		};
		D572A67424B61F5600A43F30 /* Recipes */ = {
			isa = PBXGroup;
			children = (
				D572A67524B61F6B00A43F30 /* recipes.json */,
			);
			path = Recipes;
			sourceTree = "<group>";
		};
		D57F0F4424658608004A1C30 /* Custom Views */ = {
			isa = PBXGroup;
			children = (
				D53542712465CBBB000046EB /* Custom Cells */,
				D57F0F452465861B004A1C30 /* CustomImageView.swift */,
				D57F0F4724658DD9004A1C30 /* CustomLabelView.swift */,
			);
			path = "Custom Views";
			sourceTree = "<group>";
		};
		D5A1555625F7BB4C00E4CCDA /* Networking */ = {
			isa = PBXGroup;
			children = (
				D5A1555725F7BB7800E4CCDA /* Request.swift */,
				D5A1555F25F7BE6D00E4CCDA /* PlantRequest.swift */,
				D5CC051725F9105200ED1921 /* DictionaryRequest.swift */,
				D5CC051F25F92D3600ED1921 /* RecipesRequest.swift */,
			);
			path = Networking;
			sourceTree = "<group>";
		};
		D5C8600B25F68E3700920DAC /* Container & Factories */ = {
			isa = PBXGroup;
			children = (
				D5C8600C25F68E5200920DAC /* AppContainer.swift */,
			);
			path = "Container & Factories";
			sourceTree = "<group>";
		};
		D5C8601425F690DD00920DAC /* Plant */ = {
			isa = PBXGroup;
			children = (
				D5328BC224801D2800DE0B79 /* PlantViewController.swift */,
				D5C8601525F690F200920DAC /* PlantViewModel.swift */,
			);
			path = Plant;
			sourceTree = "<group>";
		};
		D5C8601F25F6937C00920DAC /* CoreDataSaveModels */ = {
			isa = PBXGroup;
			children = (
				D5C8601A25F692B500920DAC /* CoreDataSpotlightPlant.swift */,
			);
			path = CoreDataSaveModels;
			sourceTree = "<group>";
		};
		D5C8605025F6D5FD00920DAC /* Definitions */ = {
			isa = PBXGroup;
			children = (
				D5C8605125F6D60C00920DAC /* TitleAndDefinitionModel.swift */,
			);
			path = Definitions;
			sourceTree = "<group>";
		};
		D5C8605625F6E5BC00920DAC /* Enums */ = {
			isa = PBXGroup;
			children = (
				D5C8605725F6E5D600920DAC /* LookupDictionaryFilenameEnums.swift */,
			);
			path = Enums;
			sourceTree = "<group>";
		};
/* End PBXGroup section */

/* Begin PBXNativeTarget section */
		D53687BD24657C6E00CD7094 /* Herbal Encyclopedia */ = {
			isa = PBXNativeTarget;
			buildConfigurationList = D53687EA24657C6F00CD7094 /* Build configuration list for PBXNativeTarget "Herbal Encyclopedia" */;
			buildPhases = (
				251BA35A0B6EAEF43C9BABF3 /* [CP] Check Pods Manifest.lock */,
				D53687BA24657C6E00CD7094 /* Sources */,
				D53687BB24657C6E00CD7094 /* Frameworks */,
				D53687BC24657C6E00CD7094 /* Resources */,
				D59AA2E887AB04E691230116 /* [CP] Embed Pods Frameworks */,
			);
			buildRules = (
			);
			dependencies = (
			);
			name = "Herbal Encyclopedia";
			productName = "Herbal Encyclopedia";
			productReference = D53687BE24657C6E00CD7094 /* Herbal Encyclopedia.app */;
			productType = "com.apple.product-type.application";
		};
		D53687D524657C6F00CD7094 /* Herbal EncyclopediaTests */ = {
			isa = PBXNativeTarget;
			buildConfigurationList = D53687ED24657C6F00CD7094 /* Build configuration list for PBXNativeTarget "Herbal EncyclopediaTests" */;
			buildPhases = (
				566C5A5ED838A3CD232A3447 /* [CP] Check Pods Manifest.lock */,
				D53687D224657C6F00CD7094 /* Sources */,
				D53687D324657C6F00CD7094 /* Frameworks */,
				D53687D424657C6F00CD7094 /* Resources */,
			);
			buildRules = (
			);
			dependencies = (
				D53687D824657C6F00CD7094 /* PBXTargetDependency */,
			);
			name = "Herbal EncyclopediaTests";
			productName = "Herbal EncyclopediaTests";
			productReference = D53687D624657C6F00CD7094 /* Herbal EncyclopediaTests.xctest */;
			productType = "com.apple.product-type.bundle.unit-test";
		};
		D53687E024657C6F00CD7094 /* Herbal EncyclopediaUITests */ = {
			isa = PBXNativeTarget;
			buildConfigurationList = D53687F024657C6F00CD7094 /* Build configuration list for PBXNativeTarget "Herbal EncyclopediaUITests" */;
			buildPhases = (
				A702561B8DC75872BE13D555 /* [CP] Check Pods Manifest.lock */,
				D53687DD24657C6F00CD7094 /* Sources */,
				D53687DE24657C6F00CD7094 /* Frameworks */,
				D53687DF24657C6F00CD7094 /* Resources */,
				49B99542A576AE58B5F1E08C /* [CP] Embed Pods Frameworks */,
			);
			buildRules = (
			);
			dependencies = (
				D53687E324657C6F00CD7094 /* PBXTargetDependency */,
			);
			name = "Herbal EncyclopediaUITests";
			productName = "Herbal EncyclopediaUITests";
			productReference = D53687E124657C6F00CD7094 /* Herbal EncyclopediaUITests.xctest */;
			productType = "com.apple.product-type.bundle.ui-testing";
		};
/* End PBXNativeTarget section */

/* Begin PBXProject section */
		D53687B624657C6E00CD7094 /* Project object */ = {
			isa = PBXProject;
			attributes = {
				LastSwiftUpdateCheck = 1140;
				LastUpgradeCheck = 1140;
				ORGANIZATIONNAME = "Rebellion Media";
				TargetAttributes = {
					D53687BD24657C6E00CD7094 = {
						CreatedOnToolsVersion = 11.4.1;
					};
					D53687D524657C6F00CD7094 = {
						CreatedOnToolsVersion = 11.4.1;
						TestTargetID = D53687BD24657C6E00CD7094;
					};
					D53687E024657C6F00CD7094 = {
						CreatedOnToolsVersion = 11.4.1;
						TestTargetID = D53687BD24657C6E00CD7094;
					};
				};
			};
			buildConfigurationList = D53687B924657C6E00CD7094 /* Build configuration list for PBXProject "Herbal Encyclopedia" */;
			compatibilityVersion = "Xcode 9.3";
			developmentRegion = en;
			hasScannedForEncodings = 0;
			knownRegions = (
				en,
				Base,
			);
			mainGroup = D53687B524657C6E00CD7094;
			productRefGroup = D53687BF24657C6E00CD7094 /* Products */;
			projectDirPath = "";
			projectRoot = "";
			targets = (
				D53687BD24657C6E00CD7094 /* Herbal Encyclopedia */,
				D53687D524657C6F00CD7094 /* Herbal EncyclopediaTests */,
				D53687E024657C6F00CD7094 /* Herbal EncyclopediaUITests */,
			);
		};
/* End PBXProject section */

/* Begin PBXResourcesBuildPhase section */
		D53687BC24657C6E00CD7094 /* Resources */ = {
			isa = PBXResourcesBuildPhase;
			buildActionMask = 2147483647;
			files = (
				D538291D248A7C8A0012F90B /* volatile_oils.json in Resources */,
				D5328BCC24801FBA00DE0B79 /* LabelAndDescriptionCell.xib in Resources */,
				D552FE03249BC8140085784E /* preparation_methods.json in Resources */,
				D53687D024657C6F00CD7094 /* LaunchScreen.storyboard in Resources */,
				D53542792465CF31000046EB /* herbs.json in Resources */,
				D538291B248A7C8A0012F90B /* key_constituents.json in Resources */,
				D507B8A82481699D005B6751 /* DescriptorCell.xib in Resources */,
				D53687CD24657C6F00CD7094 /* Assets.xcassets in Resources */,
				D5E45FBC2493D0FC0070E9B1 /* plant_species.json in Resources */,
				D53542762465CC0F000046EB /* WarningCell.xib in Resources */,
				D5328BC724801DB600DE0B79 /* TitleAndImageCell.xib in Resources */,
				D538291C248A7C8A0012F90B /* body_effects.json in Resources */,
				D53687CB24657C6E00CD7094 /* Main.storyboard in Resources */,
				D58C25D3248EACE800CBCE67 /* ImageAndTitleTableViewCell.xib in Resources */,
				D572A67624B61F6B00A43F30 /* recipes.json in Resources */,
			);
			runOnlyForDeploymentPostprocessing = 0;
		};
		D53687D424657C6F00CD7094 /* Resources */ = {
			isa = PBXResourcesBuildPhase;
			buildActionMask = 2147483647;
			files = (
			);
			runOnlyForDeploymentPostprocessing = 0;
		};
		D53687DF24657C6F00CD7094 /* Resources */ = {
			isa = PBXResourcesBuildPhase;
			buildActionMask = 2147483647;
			files = (
			);
			runOnlyForDeploymentPostprocessing = 0;
		};
/* End PBXResourcesBuildPhase section */

/* Begin PBXShellScriptBuildPhase section */
		251BA35A0B6EAEF43C9BABF3 /* [CP] Check Pods Manifest.lock */ = {
			isa = PBXShellScriptBuildPhase;
			buildActionMask = 2147483647;
			files = (
			);
			inputFileListPaths = (
			);
			inputPaths = (
				"${PODS_PODFILE_DIR_PATH}/Podfile.lock",
				"${PODS_ROOT}/Manifest.lock",
			);
			name = "[CP] Check Pods Manifest.lock";
			outputFileListPaths = (
			);
			outputPaths = (
				"$(DERIVED_FILE_DIR)/Pods-Herbal Encyclopedia-checkManifestLockResult.txt",
			);
			runOnlyForDeploymentPostprocessing = 0;
			shellPath = /bin/sh;
			shellScript = "diff \"${PODS_PODFILE_DIR_PATH}/Podfile.lock\" \"${PODS_ROOT}/Manifest.lock\" > /dev/null\nif [ $? != 0 ] ; then\n    # print error to STDERR\n    echo \"error: The sandbox is not in sync with the Podfile.lock. Run 'pod install' or update your CocoaPods installation.\" >&2\n    exit 1\nfi\n# This output is used by Xcode 'outputs' to avoid re-running this script phase.\necho \"SUCCESS\" > \"${SCRIPT_OUTPUT_FILE_0}\"\n";
			showEnvVarsInLog = 0;
		};
		49B99542A576AE58B5F1E08C /* [CP] Embed Pods Frameworks */ = {
			isa = PBXShellScriptBuildPhase;
			buildActionMask = 2147483647;
			files = (
			);
			inputFileListPaths = (
				"${PODS_ROOT}/Target Support Files/Pods-Herbal Encyclopedia-Herbal EncyclopediaUITests/Pods-Herbal Encyclopedia-Herbal EncyclopediaUITests-frameworks-${CONFIGURATION}-input-files.xcfilelist",
			);
			name = "[CP] Embed Pods Frameworks";
			outputFileListPaths = (
				"${PODS_ROOT}/Target Support Files/Pods-Herbal Encyclopedia-Herbal EncyclopediaUITests/Pods-Herbal Encyclopedia-Herbal EncyclopediaUITests-frameworks-${CONFIGURATION}-output-files.xcfilelist",
			);
			runOnlyForDeploymentPostprocessing = 0;
			shellPath = /bin/sh;
			shellScript = "\"${PODS_ROOT}/Target Support Files/Pods-Herbal Encyclopedia-Herbal EncyclopediaUITests/Pods-Herbal Encyclopedia-Herbal EncyclopediaUITests-frameworks.sh\"\n";
			showEnvVarsInLog = 0;
		};
		566C5A5ED838A3CD232A3447 /* [CP] Check Pods Manifest.lock */ = {
			isa = PBXShellScriptBuildPhase;
			buildActionMask = 2147483647;
			files = (
			);
			inputFileListPaths = (
			);
			inputPaths = (
				"${PODS_PODFILE_DIR_PATH}/Podfile.lock",
				"${PODS_ROOT}/Manifest.lock",
			);
			name = "[CP] Check Pods Manifest.lock";
			outputFileListPaths = (
			);
			outputPaths = (
				"$(DERIVED_FILE_DIR)/Pods-Herbal EncyclopediaTests-checkManifestLockResult.txt",
			);
			runOnlyForDeploymentPostprocessing = 0;
			shellPath = /bin/sh;
			shellScript = "diff \"${PODS_PODFILE_DIR_PATH}/Podfile.lock\" \"${PODS_ROOT}/Manifest.lock\" > /dev/null\nif [ $? != 0 ] ; then\n    # print error to STDERR\n    echo \"error: The sandbox is not in sync with the Podfile.lock. Run 'pod install' or update your CocoaPods installation.\" >&2\n    exit 1\nfi\n# This output is used by Xcode 'outputs' to avoid re-running this script phase.\necho \"SUCCESS\" > \"${SCRIPT_OUTPUT_FILE_0}\"\n";
			showEnvVarsInLog = 0;
		};
		A702561B8DC75872BE13D555 /* [CP] Check Pods Manifest.lock */ = {
			isa = PBXShellScriptBuildPhase;
			buildActionMask = 2147483647;
			files = (
			);
			inputFileListPaths = (
			);
			inputPaths = (
				"${PODS_PODFILE_DIR_PATH}/Podfile.lock",
				"${PODS_ROOT}/Manifest.lock",
			);
			name = "[CP] Check Pods Manifest.lock";
			outputFileListPaths = (
			);
			outputPaths = (
				"$(DERIVED_FILE_DIR)/Pods-Herbal Encyclopedia-Herbal EncyclopediaUITests-checkManifestLockResult.txt",
			);
			runOnlyForDeploymentPostprocessing = 0;
			shellPath = /bin/sh;
			shellScript = "diff \"${PODS_PODFILE_DIR_PATH}/Podfile.lock\" \"${PODS_ROOT}/Manifest.lock\" > /dev/null\nif [ $? != 0 ] ; then\n    # print error to STDERR\n    echo \"error: The sandbox is not in sync with the Podfile.lock. Run 'pod install' or update your CocoaPods installation.\" >&2\n    exit 1\nfi\n# This output is used by Xcode 'outputs' to avoid re-running this script phase.\necho \"SUCCESS\" > \"${SCRIPT_OUTPUT_FILE_0}\"\n";
			showEnvVarsInLog = 0;
		};
		D59AA2E887AB04E691230116 /* [CP] Embed Pods Frameworks */ = {
			isa = PBXShellScriptBuildPhase;
			buildActionMask = 2147483647;
			files = (
			);
			inputFileListPaths = (
				"${PODS_ROOT}/Target Support Files/Pods-Herbal Encyclopedia/Pods-Herbal Encyclopedia-frameworks-${CONFIGURATION}-input-files.xcfilelist",
			);
			name = "[CP] Embed Pods Frameworks";
			outputFileListPaths = (
				"${PODS_ROOT}/Target Support Files/Pods-Herbal Encyclopedia/Pods-Herbal Encyclopedia-frameworks-${CONFIGURATION}-output-files.xcfilelist",
			);
			runOnlyForDeploymentPostprocessing = 0;
			shellPath = /bin/sh;
			shellScript = "\"${PODS_ROOT}/Target Support Files/Pods-Herbal Encyclopedia/Pods-Herbal Encyclopedia-frameworks.sh\"\n";
			showEnvVarsInLog = 0;
		};
/* End PBXShellScriptBuildPhase section */

/* Begin PBXSourcesBuildPhase section */
		D53687BA24657C6E00CD7094 /* Sources */ = {
			isa = PBXSourcesBuildPhase;
			buildActionMask = 2147483647;
			files = (
				D53687C824657C6E00CD7094 /* SearchViewController.swift in Sources */,
				D572A67224B61EE600A43F30 /* RecipeModel.swift in Sources */,
				D544005A24701D4800C6263B /* PlantUsesModel.swift in Sources */,
				D57F0F4824658DD9004A1C30 /* CustomLabelView.swift in Sources */,
				D5A1556025F7BE6D00E4CCDA /* PlantRequest.swift in Sources */,
				D544005C24701D5700C6263B /* PlantScienceModel.swift in Sources */,
				D544005824701D2600C6263B /* PlantGrowthInfoModel.swift in Sources */,
				D53542742465CBE0000046EB /* WarningCell.swift in Sources */,
				D5382917248A78E60012F90B /* DefinitionsViewModel.swift in Sources */,
				D53687C224657C6E00CD7094 /* AppDelegate.swift in Sources */,
				D5328BC12480075600DE0B79 /* ColourHelper.swift in Sources */,
				D535427C2465D7D8000046EB /* Plant.swift in Sources */,
				D5C8600725F6863100920DAC /* ModelParser.swift in Sources */,
				D572A67A24B6258100A43F30 /* RecipeCategoryModel.swift in Sources */,
				D5C8605825F6E5D600920DAC /* LookupDictionaryFilenameEnums.swift in Sources */,
				D53687C424657C6E00CD7094 /* SceneDelegate.swift in Sources */,
				D5C8606025F6EACC00920DAC /* DictionaryContainer.swift in Sources */,
				D544006524702F0800C6263B /* UIViewExtensions.swift in Sources */,
				D5A1555825F7BB7800E4CCDA /* Request.swift in Sources */,
				D5CC052025F92D3600ED1921 /* RecipesRequest.swift in Sources */,
				D544005624701D1700C6263B /* PlantInfoModel.swift in Sources */,
				D5C8600D25F68E5200920DAC /* AppContainer.swift in Sources */,
				D5328BC324801D2800DE0B79 /* PlantViewController.swift in Sources */,
				D5CC051825F9105200ED1921 /* DictionaryRequest.swift in Sources */,
				D572A66E24B61BD300A43F30 /* RecipesViewModel.swift in Sources */,
				D572A67824B6201A00A43F30 /* RecipesCategoriesContainerModel.swift in Sources */,
				D5C8606525F6F79300920DAC /* PlantSpotlightItem.swift in Sources */,
				D544006024701D9C00C6263B /* PlantPreparationsModel.swift in Sources */,
				D5328BCA24801F7600DE0B79 /* LabelAndDescriptionCell.swift in Sources */,
				D5C8601B25F692B500920DAC /* CoreDataSpotlightPlant.swift in Sources */,
				D507B8A024816701005B6751 /* DefinitionsViewController.swift in Sources */,
				D5C8605225F6D60C00920DAC /* TitleAndDefinitionModel.swift in Sources */,
				D5328BC524801D9500DE0B79 /* TitleAndImageCell.swift in Sources */,
				D5C8601625F690F200920DAC /* PlantViewModel.swift in Sources */,
				D507B8A624816950005B6751 /* DescriptorCell.swift in Sources */,
				D57F0F462465861B004A1C30 /* CustomImageView.swift in Sources */,
				D54DF92224B4B79000A993DB /* SearchViewModel.swift in Sources */,
				D58C25D1248EACB400CBCE67 /* ImageAndTitleTableViewCell.swift in Sources */,
				D544006324702CA500C6263B /* StringOperationsHelper.swift in Sources */,
				D5C8602925F6A56400920DAC /* DateHelper.swift in Sources */,
				D572A66C24B61BB200A43F30 /* RecipesViewController.swift in Sources */,
				D544005E24701D8200C6263B /* PlantBodilyEffectsModel.swift in Sources */,
			);
			runOnlyForDeploymentPostprocessing = 0;
		};
		D53687D224657C6F00CD7094 /* Sources */ = {
			isa = PBXSourcesBuildPhase;
			buildActionMask = 2147483647;
			files = (
				D5CC052D25F92F1300ED1921 /* RecipesNetworkAndModelTests.swift in Sources */,
				D538291F248A81650012F90B /* DescriptorsTests.swift in Sources */,
				D5A1556525F7BFD000E4CCDA /* PlantNetworkRequestTests.swift in Sources */,
				D53687DB24657C6F00CD7094 /* Herbal_EncyclopediaTests.swift in Sources */,
				D537947624682A3400354021 /* PlantModelTestCase.swift in Sources */,
			);
			runOnlyForDeploymentPostprocessing = 0;
		};
		D53687DD24657C6F00CD7094 /* Sources */ = {
			isa = PBXSourcesBuildPhase;
			buildActionMask = 2147483647;
			files = (
				D53687E624657C6F00CD7094 /* Herbal_EncyclopediaUITests.swift in Sources */,
			);
			runOnlyForDeploymentPostprocessing = 0;
		};
/* End PBXSourcesBuildPhase section */

/* Begin PBXTargetDependency section */
		D53687D824657C6F00CD7094 /* PBXTargetDependency */ = {
			isa = PBXTargetDependency;
			target = D53687BD24657C6E00CD7094 /* Herbal Encyclopedia */;
			targetProxy = D53687D724657C6F00CD7094 /* PBXContainerItemProxy */;
		};
		D53687E324657C6F00CD7094 /* PBXTargetDependency */ = {
			isa = PBXTargetDependency;
			target = D53687BD24657C6E00CD7094 /* Herbal Encyclopedia */;
			targetProxy = D53687E224657C6F00CD7094 /* PBXContainerItemProxy */;
		};
/* End PBXTargetDependency section */

/* Begin PBXVariantGroup section */
		D53687C924657C6E00CD7094 /* Main.storyboard */ = {
			isa = PBXVariantGroup;
			children = (
				D53687CA24657C6E00CD7094 /* Base */,
			);
			name = Main.storyboard;
			sourceTree = "<group>";
		};
		D53687CE24657C6F00CD7094 /* LaunchScreen.storyboard */ = {
			isa = PBXVariantGroup;
			children = (
				D53687CF24657C6F00CD7094 /* Base */,
			);
			name = LaunchScreen.storyboard;
			sourceTree = "<group>";
		};
/* End PBXVariantGroup section */

/* Begin XCBuildConfiguration section */
		D53687E824657C6F00CD7094 /* Debug */ = {
			isa = XCBuildConfiguration;
			buildSettings = {
				ALWAYS_SEARCH_USER_PATHS = NO;
				CLANG_ANALYZER_NONNULL = YES;
				CLANG_ANALYZER_NUMBER_OBJECT_CONVERSION = YES_AGGRESSIVE;
				CLANG_CXX_LANGUAGE_STANDARD = "gnu++14";
				CLANG_CXX_LIBRARY = "libc++";
				CLANG_ENABLE_MODULES = YES;
				CLANG_ENABLE_OBJC_ARC = YES;
				CLANG_ENABLE_OBJC_WEAK = YES;
				CLANG_WARN_BLOCK_CAPTURE_AUTORELEASING = YES;
				CLANG_WARN_BOOL_CONVERSION = YES;
				CLANG_WARN_COMMA = YES;
				CLANG_WARN_CONSTANT_CONVERSION = YES;
				CLANG_WARN_DEPRECATED_OBJC_IMPLEMENTATIONS = YES;
				CLANG_WARN_DIRECT_OBJC_ISA_USAGE = YES_ERROR;
				CLANG_WARN_DOCUMENTATION_COMMENTS = YES;
				CLANG_WARN_EMPTY_BODY = YES;
				CLANG_WARN_ENUM_CONVERSION = YES;
				CLANG_WARN_INFINITE_RECURSION = YES;
				CLANG_WARN_INT_CONVERSION = YES;
				CLANG_WARN_NON_LITERAL_NULL_CONVERSION = YES;
				CLANG_WARN_OBJC_IMPLICIT_RETAIN_SELF = YES;
				CLANG_WARN_OBJC_LITERAL_CONVERSION = YES;
				CLANG_WARN_OBJC_ROOT_CLASS = YES_ERROR;
				CLANG_WARN_RANGE_LOOP_ANALYSIS = YES;
				CLANG_WARN_STRICT_PROTOTYPES = YES;
				CLANG_WARN_SUSPICIOUS_MOVE = YES;
				CLANG_WARN_UNGUARDED_AVAILABILITY = YES_AGGRESSIVE;
				CLANG_WARN_UNREACHABLE_CODE = YES;
				CLANG_WARN__DUPLICATE_METHOD_MATCH = YES;
				COPY_PHASE_STRIP = NO;
				DEBUG_INFORMATION_FORMAT = dwarf;
				ENABLE_STRICT_OBJC_MSGSEND = YES;
				ENABLE_TESTABILITY = YES;
				GCC_C_LANGUAGE_STANDARD = gnu11;
				GCC_DYNAMIC_NO_PIC = NO;
				GCC_NO_COMMON_BLOCKS = YES;
				GCC_OPTIMIZATION_LEVEL = 0;
				GCC_PREPROCESSOR_DEFINITIONS = (
					"DEBUG=1",
					"$(inherited)",
				);
				GCC_WARN_64_TO_32_BIT_CONVERSION = YES;
				GCC_WARN_ABOUT_RETURN_TYPE = YES_ERROR;
				GCC_WARN_UNDECLARED_SELECTOR = YES;
				GCC_WARN_UNINITIALIZED_AUTOS = YES_AGGRESSIVE;
				GCC_WARN_UNUSED_FUNCTION = YES;
				GCC_WARN_UNUSED_VARIABLE = YES;
				IPHONEOS_DEPLOYMENT_TARGET = 13.4;
				MTL_ENABLE_DEBUG_INFO = INCLUDE_SOURCE;
				MTL_FAST_MATH = YES;
				ONLY_ACTIVE_ARCH = YES;
				SDKROOT = iphoneos;
				SWIFT_ACTIVE_COMPILATION_CONDITIONS = DEBUG;
				SWIFT_OPTIMIZATION_LEVEL = "-Onone";
			};
			name = Debug;
		};
		D53687E924657C6F00CD7094 /* Release */ = {
			isa = XCBuildConfiguration;
			buildSettings = {
				ALWAYS_SEARCH_USER_PATHS = NO;
				CLANG_ANALYZER_NONNULL = YES;
				CLANG_ANALYZER_NUMBER_OBJECT_CONVERSION = YES_AGGRESSIVE;
				CLANG_CXX_LANGUAGE_STANDARD = "gnu++14";
				CLANG_CXX_LIBRARY = "libc++";
				CLANG_ENABLE_MODULES = YES;
				CLANG_ENABLE_OBJC_ARC = YES;
				CLANG_ENABLE_OBJC_WEAK = YES;
				CLANG_WARN_BLOCK_CAPTURE_AUTORELEASING = YES;
				CLANG_WARN_BOOL_CONVERSION = YES;
				CLANG_WARN_COMMA = YES;
				CLANG_WARN_CONSTANT_CONVERSION = YES;
				CLANG_WARN_DEPRECATED_OBJC_IMPLEMENTATIONS = YES;
				CLANG_WARN_DIRECT_OBJC_ISA_USAGE = YES_ERROR;
				CLANG_WARN_DOCUMENTATION_COMMENTS = YES;
				CLANG_WARN_EMPTY_BODY = YES;
				CLANG_WARN_ENUM_CONVERSION = YES;
				CLANG_WARN_INFINITE_RECURSION = YES;
				CLANG_WARN_INT_CONVERSION = YES;
				CLANG_WARN_NON_LITERAL_NULL_CONVERSION = YES;
				CLANG_WARN_OBJC_IMPLICIT_RETAIN_SELF = YES;
				CLANG_WARN_OBJC_LITERAL_CONVERSION = YES;
				CLANG_WARN_OBJC_ROOT_CLASS = YES_ERROR;
				CLANG_WARN_RANGE_LOOP_ANALYSIS = YES;
				CLANG_WARN_STRICT_PROTOTYPES = YES;
				CLANG_WARN_SUSPICIOUS_MOVE = YES;
				CLANG_WARN_UNGUARDED_AVAILABILITY = YES_AGGRESSIVE;
				CLANG_WARN_UNREACHABLE_CODE = YES;
				CLANG_WARN__DUPLICATE_METHOD_MATCH = YES;
				COPY_PHASE_STRIP = NO;
				DEBUG_INFORMATION_FORMAT = "dwarf-with-dsym";
				ENABLE_NS_ASSERTIONS = NO;
				ENABLE_STRICT_OBJC_MSGSEND = YES;
				GCC_C_LANGUAGE_STANDARD = gnu11;
				GCC_NO_COMMON_BLOCKS = YES;
				GCC_WARN_64_TO_32_BIT_CONVERSION = YES;
				GCC_WARN_ABOUT_RETURN_TYPE = YES_ERROR;
				GCC_WARN_UNDECLARED_SELECTOR = YES;
				GCC_WARN_UNINITIALIZED_AUTOS = YES_AGGRESSIVE;
				GCC_WARN_UNUSED_FUNCTION = YES;
				GCC_WARN_UNUSED_VARIABLE = YES;
				IPHONEOS_DEPLOYMENT_TARGET = 13.4;
				MTL_ENABLE_DEBUG_INFO = NO;
				MTL_FAST_MATH = YES;
				SDKROOT = iphoneos;
				SWIFT_COMPILATION_MODE = wholemodule;
				SWIFT_OPTIMIZATION_LEVEL = "-O";
				VALIDATE_PRODUCT = YES;
			};
			name = Release;
		};
		D53687EB24657C6F00CD7094 /* Debug */ = {
			isa = XCBuildConfiguration;
			baseConfigurationReference = F87C5385821B4F2CD18E8F2E /* Pods-Herbal Encyclopedia.debug.xcconfig */;
			buildSettings = {
				ASSETCATALOG_COMPILER_APPICON_NAME = AppIcon;
				CODE_SIGN_STYLE = Automatic;
				DEVELOPMENT_TEAM = KAF3X77NPN;
				INFOPLIST_FILE = "Herbal Encyclopedia/Info.plist";
				LD_RUNPATH_SEARCH_PATHS = (
					"$(inherited)",
					"@executable_path/Frameworks",
				);
				PRODUCT_BUNDLE_IDENTIFIER = "RebellionMedia.Herbal-Encyclopedia";
				PRODUCT_NAME = "$(TARGET_NAME)";
				SWIFT_VERSION = 5.0;
				TARGETED_DEVICE_FAMILY = "1,2";
			};
			name = Debug;
		};
		D53687EC24657C6F00CD7094 /* Release */ = {
			isa = XCBuildConfiguration;
			baseConfigurationReference = 0BB8575BA1DB04A6D6D672C6 /* Pods-Herbal Encyclopedia.release.xcconfig */;
			buildSettings = {
				ASSETCATALOG_COMPILER_APPICON_NAME = AppIcon;
				CODE_SIGN_STYLE = Automatic;
				DEVELOPMENT_TEAM = KAF3X77NPN;
				INFOPLIST_FILE = "Herbal Encyclopedia/Info.plist";
				LD_RUNPATH_SEARCH_PATHS = (
					"$(inherited)",
					"@executable_path/Frameworks",
				);
				PRODUCT_BUNDLE_IDENTIFIER = "RebellionMedia.Herbal-Encyclopedia";
				PRODUCT_NAME = "$(TARGET_NAME)";
				SWIFT_VERSION = 5.0;
				TARGETED_DEVICE_FAMILY = "1,2";
			};
			name = Release;
		};
		D53687EE24657C6F00CD7094 /* Debug */ = {
			isa = XCBuildConfiguration;
			baseConfigurationReference = 6C3E65D4793E5737A3EF5A8B /* Pods-Herbal EncyclopediaTests.debug.xcconfig */;
			buildSettings = {
				ALWAYS_EMBED_SWIFT_STANDARD_LIBRARIES = "$(inherited)";
				BUNDLE_LOADER = "$(TEST_HOST)";
				CODE_SIGN_STYLE = Automatic;
				DEVELOPMENT_TEAM = KAF3X77NPN;
				INFOPLIST_FILE = "Herbal EncyclopediaTests/Info.plist";
				IPHONEOS_DEPLOYMENT_TARGET = 13.4;
				LD_RUNPATH_SEARCH_PATHS = (
					"$(inherited)",
					"@executable_path/Frameworks",
					"@loader_path/Frameworks",
				);
				PRODUCT_BUNDLE_IDENTIFIER = "RebellionMedia.Herbal-EncyclopediaTests";
				PRODUCT_NAME = "$(TARGET_NAME)";
				SWIFT_VERSION = 5.0;
				TARGETED_DEVICE_FAMILY = "1,2";
				TEST_HOST = "$(BUILT_PRODUCTS_DIR)/Herbal Encyclopedia.app/Herbal Encyclopedia";
			};
			name = Debug;
		};
		D53687EF24657C6F00CD7094 /* Release */ = {
			isa = XCBuildConfiguration;
			baseConfigurationReference = 756A5962A02963E6FCD6A40D /* Pods-Herbal EncyclopediaTests.release.xcconfig */;
			buildSettings = {
				ALWAYS_EMBED_SWIFT_STANDARD_LIBRARIES = "$(inherited)";
				BUNDLE_LOADER = "$(TEST_HOST)";
				CODE_SIGN_STYLE = Automatic;
				DEVELOPMENT_TEAM = KAF3X77NPN;
				INFOPLIST_FILE = "Herbal EncyclopediaTests/Info.plist";
				IPHONEOS_DEPLOYMENT_TARGET = 13.4;
				LD_RUNPATH_SEARCH_PATHS = (
					"$(inherited)",
					"@executable_path/Frameworks",
					"@loader_path/Frameworks",
				);
				PRODUCT_BUNDLE_IDENTIFIER = "RebellionMedia.Herbal-EncyclopediaTests";
				PRODUCT_NAME = "$(TARGET_NAME)";
				SWIFT_VERSION = 5.0;
				TARGETED_DEVICE_FAMILY = "1,2";
				TEST_HOST = "$(BUILT_PRODUCTS_DIR)/Herbal Encyclopedia.app/Herbal Encyclopedia";
			};
			name = Release;
		};
		D53687F124657C6F00CD7094 /* Debug */ = {
			isa = XCBuildConfiguration;
			baseConfigurationReference = 5B1D453A6D066EC5ABF501AC /* Pods-Herbal Encyclopedia-Herbal EncyclopediaUITests.debug.xcconfig */;
			buildSettings = {
				ALWAYS_EMBED_SWIFT_STANDARD_LIBRARIES = "$(inherited)";
				CODE_SIGN_STYLE = Automatic;
				DEVELOPMENT_TEAM = KAF3X77NPN;
				INFOPLIST_FILE = "Herbal EncyclopediaUITests/Info.plist";
				LD_RUNPATH_SEARCH_PATHS = (
					"$(inherited)",
					"@executable_path/Frameworks",
					"@loader_path/Frameworks",
				);
				PRODUCT_BUNDLE_IDENTIFIER = "RebellionMedia.Herbal-EncyclopediaUITests";
				PRODUCT_NAME = "$(TARGET_NAME)";
				SWIFT_VERSION = 5.0;
				TARGETED_DEVICE_FAMILY = "1,2";
				TEST_TARGET_NAME = "Herbal Encyclopedia";
			};
			name = Debug;
		};
		D53687F224657C6F00CD7094 /* Release */ = {
			isa = XCBuildConfiguration;
			baseConfigurationReference = 99D8E7B111AEC7343C2C0527 /* Pods-Herbal Encyclopedia-Herbal EncyclopediaUITests.release.xcconfig */;
			buildSettings = {
				ALWAYS_EMBED_SWIFT_STANDARD_LIBRARIES = "$(inherited)";
				CODE_SIGN_STYLE = Automatic;
				DEVELOPMENT_TEAM = KAF3X77NPN;
				INFOPLIST_FILE = "Herbal EncyclopediaUITests/Info.plist";
				LD_RUNPATH_SEARCH_PATHS = (
					"$(inherited)",
					"@executable_path/Frameworks",
					"@loader_path/Frameworks",
				);
				PRODUCT_BUNDLE_IDENTIFIER = "RebellionMedia.Herbal-EncyclopediaUITests";
				PRODUCT_NAME = "$(TARGET_NAME)";
				SWIFT_VERSION = 5.0;
				TARGETED_DEVICE_FAMILY = "1,2";
				TEST_TARGET_NAME = "Herbal Encyclopedia";
			};
			name = Release;
		};
/* End XCBuildConfiguration section */

/* Begin XCConfigurationList section */
		D53687B924657C6E00CD7094 /* Build configuration list for PBXProject "Herbal Encyclopedia" */ = {
			isa = XCConfigurationList;
			buildConfigurations = (
				D53687E824657C6F00CD7094 /* Debug */,
				D53687E924657C6F00CD7094 /* Release */,
			);
			defaultConfigurationIsVisible = 0;
			defaultConfigurationName = Release;
		};
		D53687EA24657C6F00CD7094 /* Build configuration list for PBXNativeTarget "Herbal Encyclopedia" */ = {
			isa = XCConfigurationList;
			buildConfigurations = (
				D53687EB24657C6F00CD7094 /* Debug */,
				D53687EC24657C6F00CD7094 /* Release */,
			);
			defaultConfigurationIsVisible = 0;
			defaultConfigurationName = Release;
		};
		D53687ED24657C6F00CD7094 /* Build configuration list for PBXNativeTarget "Herbal EncyclopediaTests" */ = {
			isa = XCConfigurationList;
			buildConfigurations = (
				D53687EE24657C6F00CD7094 /* Debug */,
				D53687EF24657C6F00CD7094 /* Release */,
			);
			defaultConfigurationIsVisible = 0;
			defaultConfigurationName = Release;
		};
		D53687F024657C6F00CD7094 /* Build configuration list for PBXNativeTarget "Herbal EncyclopediaUITests" */ = {
			isa = XCConfigurationList;
			buildConfigurations = (
				D53687F124657C6F00CD7094 /* Debug */,
				D53687F224657C6F00CD7094 /* Release */,
			);
			defaultConfigurationIsVisible = 0;
			defaultConfigurationName = Release;
		};
/* End XCConfigurationList section */
	};
	rootObject = D53687B624657C6E00CD7094 /* Project object */;
}
